{
  "version": 4,
  "terraform_version": "1.8.5",
  "serial": 130,
  "lineage": "c5bbdb2c-dd14-d503-ea36-2248eefc4633",
  "outputs": {},
  "resources": [
    {
      "module": "module.bastionhost",
      "mode": "managed",
      "type": "azurerm_bastion_host",
      "name": "bastionblock1",
      "provider": "provider[\"registry.terraform.io/hashicorp/azurerm\"]",
      "instances": [
        {
          "index_key": "bastionhost1",
          "schema_version": 0,
          "attributes": {
            "copy_paste_enabled": true,
            "dns_name": "bst-25b445cb-1e33-4dc1-a6f9-eea0e5a6fbe0.bastion.azure.com",
            "file_copy_enabled": false,
            "id": "/subscriptions/f528c591-fe1e-4c79-a199-3dc70d54270b/resourceGroups/bhushan1/providers/Microsoft.Network/bastionHosts/AzureBastion",
            "ip_configuration": [
              {
                "name": "configuration",
                "public_ip_address_id": "/subscriptions/f528c591-fe1e-4c79-a199-3dc70d54270b/resourceGroups/bhushan1/providers/Microsoft.Network/publicIPAddresses/public-ip",
                "subnet_id": "/subscriptions/f528c591-fe1e-4c79-a199-3dc70d54270b/resourceGroups/bhushan1/providers/Microsoft.Network/virtualNetworks/vent-112/subnets/AzureBastionSubnet"
              }
            ],
            "ip_connect_enabled": false,
            "kerberos_enabled": false,
            "location": "centralindia",
            "name": "AzureBastion",
            "resource_group_name": "bhushan1",
            "scale_units": 2,
            "shareable_link_enabled": false,
            "sku": "Basic",
            "tags": {},
            "timeouts": null,
            "tunneling_enabled": false,
            "virtual_network_id": ""
          },
          "sensitive_attributes": [],
          "private": "eyJlMmJmYjczMC1lY2FhLTExZTYtOGY4OC0zNDM2M2JjN2M0YzAiOnsiY3JlYXRlIjoxODAwMDAwMDAwMDAwLCJkZWxldGUiOjE4MDAwMDAwMDAwMDAsInJlYWQiOjMwMDAwMDAwMDAwMCwidXBkYXRlIjoxODAwMDAwMDAwMDAwfX0=",
          "dependencies": [
            "module.map-publicip.azurerm_public_ip.pipb1",
            "module.map-rg-lists.azurerm_resource_group.rg",
            "module.map-subnet-list.azurerm_subnet.subnet",
            "module.map-virtualnetwork-lists.azurerm_virtual_network.vnet101"
          ]
        }
      ]
    },
    {
      "module": "module.map-publicip",
      "mode": "managed",
      "type": "azurerm_public_ip",
      "name": "pipb1",
      "provider": "provider[\"registry.terraform.io/hashicorp/azurerm\"]",
      "instances": [
        {
          "index_key": "pip01",
          "schema_version": 0,
          "attributes": {
            "allocation_method": "Static",
            "ddos_protection_mode": "VirtualNetworkInherited",
            "ddos_protection_plan_id": null,
            "domain_name_label": null,
            "edge_zone": "",
            "fqdn": null,
            "id": "/subscriptions/f528c591-fe1e-4c79-a199-3dc70d54270b/resourceGroups/bhushan1/providers/Microsoft.Network/publicIPAddresses/public-ip",
            "idle_timeout_in_minutes": 4,
            "ip_address": "4.213.157.68",
            "ip_tags": {},
            "ip_version": "IPv4",
            "location": "centralindia",
            "name": "public-ip",
            "public_ip_prefix_id": null,
            "resource_group_name": "bhushan1",
            "reverse_fqdn": null,
            "sku": "Standard",
            "sku_tier": "Regional",
            "tags": {},
            "timeouts": null,
            "zones": []
          },
          "sensitive_attributes": [],
          "private": "eyJlMmJmYjczMC1lY2FhLTExZTYtOGY4OC0zNDM2M2JjN2M0YzAiOnsiY3JlYXRlIjoxODAwMDAwMDAwMDAwLCJkZWxldGUiOjE4MDAwMDAwMDAwMDAsInJlYWQiOjMwMDAwMDAwMDAwMCwidXBkYXRlIjoxODAwMDAwMDAwMDAwfX0=",
          "dependencies": [
            "module.map-rg-lists.azurerm_resource_group.rg"
          ]
        }
      ]
    },
    {
      "module": "module.map-rg-lists",
      "mode": "managed",
      "type": "azurerm_resource_group",
      "name": "rg",
      "provider": "provider[\"registry.terraform.io/hashicorp/azurerm\"]",
      "instances": [
        {
          "index_key": "rg1",
          "schema_version": 0,
          "attributes": {
            "id": "/subscriptions/f528c591-fe1e-4c79-a199-3dc70d54270b/resourceGroups/bhushan1",
            "location": "centralindia",
            "managed_by": "",
            "name": "bhushan1",
            "tags": {},
            "timeouts": null
          },
          "sensitive_attributes": [],
          "private": "eyJlMmJmYjczMC1lY2FhLTExZTYtOGY4OC0zNDM2M2JjN2M0YzAiOnsiY3JlYXRlIjo1NDAwMDAwMDAwMDAwLCJkZWxldGUiOjU0MDAwMDAwMDAwMDAsInJlYWQiOjMwMDAwMDAwMDAwMCwidXBkYXRlIjo1NDAwMDAwMDAwMDAwfX0="
        }
      ]
    },
    {
      "module": "module.map-storageac-lists",
      "mode": "managed",
      "type": "azurerm_storage_account",
      "name": "StorageAccount",
      "provider": "provider[\"registry.terraform.io/hashicorp/azurerm\"]",
      "instances": [
        {
          "index_key": "storage1",
          "schema_version": 4,
          "attributes": {
            "access_tier": "Hot",
            "account_kind": "StorageV2",
            "account_replication_type": "LRS",
            "account_tier": "Standard",
            "allow_nested_items_to_be_public": true,
            "allowed_copy_scope": "",
            "azure_files_authentication": [],
            "blob_properties": [
              {
                "change_feed_enabled": false,
                "change_feed_retention_in_days": 0,
                "container_delete_retention_policy": [],
                "cors_rule": [],
                "default_service_version": "",
                "delete_retention_policy": [],
                "last_access_time_enabled": false,
                "restore_policy": [],
                "versioning_enabled": false
              }
            ],
            "cross_tenant_replication_enabled": true,
            "custom_domain": [],
            "customer_managed_key": [],
            "default_to_oauth_authentication": false,
            "dns_endpoint_type": "Standard",
            "edge_zone": "",
            "enable_https_traffic_only": true,
            "id": "/subscriptions/f528c591-fe1e-4c79-a199-3dc70d54270b/resourceGroups/bhushan1/providers/Microsoft.Storage/storageAccounts/apnastorageaccount",
            "identity": [],
            "immutability_policy": [],
            "infrastructure_encryption_enabled": false,
            "is_hns_enabled": false,
            "large_file_share_enabled": false,
            "local_user_enabled": true,
            "location": "centralindia",
            "min_tls_version": "TLS1_2",
            "name": "apnastorageaccount",
            "network_rules": [],
            "nfsv3_enabled": false,
            "primary_access_key": "d1bOmSPGsEMVkx8VnT+WGQEe+zqgybl73FZl1nHdUMOhCsu4KJNKCjj5wpuNxDGKj/anc2AoeivV+AStKjY5Eg==",
            "primary_blob_connection_string": "DefaultEndpointsProtocol=https;BlobEndpoint=https://apnastorageaccount.blob.core.windows.net/;AccountName=apnastorageaccount;AccountKey=d1bOmSPGsEMVkx8VnT+WGQEe+zqgybl73FZl1nHdUMOhCsu4KJNKCjj5wpuNxDGKj/anc2AoeivV+AStKjY5Eg==",
            "primary_blob_endpoint": "https://apnastorageaccount.blob.core.windows.net/",
            "primary_blob_host": "apnastorageaccount.blob.core.windows.net",
            "primary_blob_internet_endpoint": "",
            "primary_blob_internet_host": "",
            "primary_blob_microsoft_endpoint": "",
            "primary_blob_microsoft_host": "",
            "primary_connection_string": "DefaultEndpointsProtocol=https;AccountName=apnastorageaccount;AccountKey=d1bOmSPGsEMVkx8VnT+WGQEe+zqgybl73FZl1nHdUMOhCsu4KJNKCjj5wpuNxDGKj/anc2AoeivV+AStKjY5Eg==;EndpointSuffix=core.windows.net",
            "primary_dfs_endpoint": "https://apnastorageaccount.dfs.core.windows.net/",
            "primary_dfs_host": "apnastorageaccount.dfs.core.windows.net",
            "primary_dfs_internet_endpoint": "",
            "primary_dfs_internet_host": "",
            "primary_dfs_microsoft_endpoint": "",
            "primary_dfs_microsoft_host": "",
            "primary_file_endpoint": "https://apnastorageaccount.file.core.windows.net/",
            "primary_file_host": "apnastorageaccount.file.core.windows.net",
            "primary_file_internet_endpoint": "",
            "primary_file_internet_host": "",
            "primary_file_microsoft_endpoint": "",
            "primary_file_microsoft_host": "",
            "primary_location": "centralindia",
            "primary_queue_endpoint": "https://apnastorageaccount.queue.core.windows.net/",
            "primary_queue_host": "apnastorageaccount.queue.core.windows.net",
            "primary_queue_microsoft_endpoint": "",
            "primary_queue_microsoft_host": "",
            "primary_table_endpoint": "https://apnastorageaccount.table.core.windows.net/",
            "primary_table_host": "apnastorageaccount.table.core.windows.net",
            "primary_table_microsoft_endpoint": "",
            "primary_table_microsoft_host": "",
            "primary_web_endpoint": "https://apnastorageaccount.z29.web.core.windows.net/",
            "primary_web_host": "apnastorageaccount.z29.web.core.windows.net",
            "primary_web_internet_endpoint": "",
            "primary_web_internet_host": "",
            "primary_web_microsoft_endpoint": "",
            "primary_web_microsoft_host": "",
            "public_network_access_enabled": true,
            "queue_encryption_key_type": "Service",
            "queue_properties": [
              {
                "cors_rule": [],
                "hour_metrics": [
                  {
                    "enabled": true,
                    "include_apis": true,
                    "retention_policy_days": 7,
                    "version": "1.0"
                  }
                ],
                "logging": [
                  {
                    "delete": false,
                    "read": false,
                    "retention_policy_days": 0,
                    "version": "1.0",
                    "write": false
                  }
                ],
                "minute_metrics": [
                  {
                    "enabled": false,
                    "include_apis": false,
                    "retention_policy_days": 0,
                    "version": "1.0"
                  }
                ]
              }
            ],
            "resource_group_name": "bhushan1",
            "routing": [],
            "sas_policy": [],
            "secondary_access_key": "/mpX/jfKKieE08vwbD2PHxcbEuCxCjP1Kb8ObGxrfTxtLMaYHoZvmuBVUd+RaJJS24OjahCEhf4m+AStC5MHgQ==",
            "secondary_blob_connection_string": "",
            "secondary_blob_endpoint": "",
            "secondary_blob_host": "",
            "secondary_blob_internet_endpoint": "",
            "secondary_blob_internet_host": "",
            "secondary_blob_microsoft_endpoint": "",
            "secondary_blob_microsoft_host": "",
            "secondary_connection_string": "DefaultEndpointsProtocol=https;AccountName=apnastorageaccount;AccountKey=/mpX/jfKKieE08vwbD2PHxcbEuCxCjP1Kb8ObGxrfTxtLMaYHoZvmuBVUd+RaJJS24OjahCEhf4m+AStC5MHgQ==;EndpointSuffix=core.windows.net",
            "secondary_dfs_endpoint": "",
            "secondary_dfs_host": "",
            "secondary_dfs_internet_endpoint": "",
            "secondary_dfs_internet_host": "",
            "secondary_dfs_microsoft_endpoint": "",
            "secondary_dfs_microsoft_host": "",
            "secondary_file_endpoint": "",
            "secondary_file_host": "",
            "secondary_file_internet_endpoint": "",
            "secondary_file_internet_host": "",
            "secondary_file_microsoft_endpoint": "",
            "secondary_file_microsoft_host": "",
            "secondary_location": "",
            "secondary_queue_endpoint": "",
            "secondary_queue_host": "",
            "secondary_queue_microsoft_endpoint": "",
            "secondary_queue_microsoft_host": "",
            "secondary_table_endpoint": "",
            "secondary_table_host": "",
            "secondary_table_microsoft_endpoint": "",
            "secondary_table_microsoft_host": "",
            "secondary_web_endpoint": "",
            "secondary_web_host": "",
            "secondary_web_internet_endpoint": "",
            "secondary_web_internet_host": "",
            "secondary_web_microsoft_endpoint": "",
            "secondary_web_microsoft_host": "",
            "sftp_enabled": false,
            "share_properties": [
              {
                "cors_rule": [],
                "retention_policy": [
                  {
                    "days": 7
                  }
                ],
                "smb": []
              }
            ],
            "shared_access_key_enabled": true,
            "static_website": [],
            "table_encryption_key_type": "Service",
            "tags": {},
            "timeouts": null
          },
          "sensitive_attributes": [
            [
              {
                "type": "get_attr",
                "value": "primary_connection_string"
              }
            ],
            [
              {
                "type": "get_attr",
                "value": "secondary_connection_string"
              }
            ],
            [
              {
                "type": "get_attr",
                "value": "primary_blob_connection_string"
              }
            ],
            [
              {
                "type": "get_attr",
                "value": "secondary_blob_connection_string"
              }
            ],
            [
              {
                "type": "get_attr",
                "value": "secondary_access_key"
              }
            ],
            [
              {
                "type": "get_attr",
                "value": "primary_access_key"
              }
            ]
          ],
          "private": "eyJlMmJmYjczMC1lY2FhLTExZTYtOGY4OC0zNDM2M2JjN2M0YzAiOnsiY3JlYXRlIjozNjAwMDAwMDAwMDAwLCJkZWxldGUiOjM2MDAwMDAwMDAwMDAsInJlYWQiOjMwMDAwMDAwMDAwMCwidXBkYXRlIjozNjAwMDAwMDAwMDAwfSwic2NoZW1hX3ZlcnNpb24iOiI0In0=",
          "dependencies": [
            "module.map-rg-lists.azurerm_resource_group.rg"
          ]
        }
      ]
    },
    {
      "module": "module.map-subnet-list",
      "mode": "managed",
      "type": "azurerm_subnet",
      "name": "subnet",
      "provider": "provider[\"registry.terraform.io/hashicorp/azurerm\"]",
      "instances": [
        {
          "index_key": "AzureBastionSubnet",
          "schema_version": 0,
          "attributes": {
            "address_prefixes": [
              "10.0.4.0/26"
            ],
            "default_outbound_access_enabled": true,
            "delegation": [],
            "enforce_private_link_endpoint_network_policies": false,
            "enforce_private_link_service_network_policies": false,
            "id": "/subscriptions/f528c591-fe1e-4c79-a199-3dc70d54270b/resourceGroups/bhushan1/providers/Microsoft.Network/virtualNetworks/vent-112/subnets/AzureBastionSubnet",
            "name": "AzureBastionSubnet",
            "private_endpoint_network_policies": "Enabled",
            "private_endpoint_network_policies_enabled": true,
            "private_link_service_network_policies_enabled": true,
            "resource_group_name": "bhushan1",
            "service_endpoint_policy_ids": [],
            "service_endpoints": [],
            "timeouts": null,
            "virtual_network_name": "vent-112"
          },
          "sensitive_attributes": [],
          "private": "eyJlMmJmYjczMC1lY2FhLTExZTYtOGY4OC0zNDM2M2JjN2M0YzAiOnsiY3JlYXRlIjoxODAwMDAwMDAwMDAwLCJkZWxldGUiOjE4MDAwMDAwMDAwMDAsInJlYWQiOjMwMDAwMDAwMDAwMCwidXBkYXRlIjoxODAwMDAwMDAwMDAwfX0=",
          "dependencies": [
            "module.map-rg-lists.azurerm_resource_group.rg",
            "module.map-virtualnetwork-lists.azurerm_virtual_network.vnet101"
          ]
        },
        {
          "index_key": "subnet-01",
          "schema_version": 0,
          "attributes": {
            "address_prefixes": [
              "10.0.2.0/24"
            ],
            "default_outbound_access_enabled": true,
            "delegation": [],
            "enforce_private_link_endpoint_network_policies": false,
            "enforce_private_link_service_network_policies": false,
            "id": "/subscriptions/f528c591-fe1e-4c79-a199-3dc70d54270b/resourceGroups/bhushan1/providers/Microsoft.Network/virtualNetworks/vent-112/subnets/subnet-011",
            "name": "subnet-011",
            "private_endpoint_network_policies": "Enabled",
            "private_endpoint_network_policies_enabled": true,
            "private_link_service_network_policies_enabled": true,
            "resource_group_name": "bhushan1",
            "service_endpoint_policy_ids": [],
            "service_endpoints": [],
            "timeouts": null,
            "virtual_network_name": "vent-112"
          },
          "sensitive_attributes": [],
          "private": "eyJlMmJmYjczMC1lY2FhLTExZTYtOGY4OC0zNDM2M2JjN2M0YzAiOnsiY3JlYXRlIjoxODAwMDAwMDAwMDAwLCJkZWxldGUiOjE4MDAwMDAwMDAwMDAsInJlYWQiOjMwMDAwMDAwMDAwMCwidXBkYXRlIjoxODAwMDAwMDAwMDAwfX0=",
          "dependencies": [
            "module.map-rg-lists.azurerm_resource_group.rg",
            "module.map-virtualnetwork-lists.azurerm_virtual_network.vnet101"
          ]
        },
        {
          "index_key": "subnet-02",
          "schema_version": 0,
          "attributes": {
            "address_prefixes": [
              "10.0.3.0/24"
            ],
            "default_outbound_access_enabled": true,
            "delegation": [],
            "enforce_private_link_endpoint_network_policies": false,
            "enforce_private_link_service_network_policies": false,
            "id": "/subscriptions/f528c591-fe1e-4c79-a199-3dc70d54270b/resourceGroups/bhushan1/providers/Microsoft.Network/virtualNetworks/vent-112/subnets/subnet-012",
            "name": "subnet-012",
            "private_endpoint_network_policies": "Enabled",
            "private_endpoint_network_policies_enabled": true,
            "private_link_service_network_policies_enabled": true,
            "resource_group_name": "bhushan1",
            "service_endpoint_policy_ids": [],
            "service_endpoints": [],
            "timeouts": null,
            "virtual_network_name": "vent-112"
          },
          "sensitive_attributes": [],
          "private": "eyJlMmJmYjczMC1lY2FhLTExZTYtOGY4OC0zNDM2M2JjN2M0YzAiOnsiY3JlYXRlIjoxODAwMDAwMDAwMDAwLCJkZWxldGUiOjE4MDAwMDAwMDAwMDAsInJlYWQiOjMwMDAwMDAwMDAwMCwidXBkYXRlIjoxODAwMDAwMDAwMDAwfX0=",
          "dependencies": [
            "module.map-rg-lists.azurerm_resource_group.rg",
            "module.map-virtualnetwork-lists.azurerm_virtual_network.vnet101"
          ]
        }
      ]
    },
    {
      "module": "module.map-virtualnetwork-lists",
      "mode": "managed",
      "type": "azurerm_virtual_network",
      "name": "vnet101",
      "provider": "provider[\"registry.terraform.io/hashicorp/azurerm\"]",
      "instances": [
        {
          "index_key": "vnet1",
          "schema_version": 0,
          "attributes": {
            "address_space": [
              "10.0.0.0/16"
            ],
            "bgp_community": "",
            "ddos_protection_plan": [],
            "dns_servers": [
              "10.0.0.4",
              "10.0.0.5"
            ],
            "edge_zone": "",
            "encryption": [],
            "flow_timeout_in_minutes": 0,
            "guid": "5143bcab-b6d0-4642-bcd3-6edc1df1d7a9",
            "id": "/subscriptions/f528c591-fe1e-4c79-a199-3dc70d54270b/resourceGroups/bhushan1/providers/Microsoft.Network/virtualNetworks/vent-112",
            "location": "centralindia",
            "name": "vent-112",
            "resource_group_name": "bhushan1",
            "subnet": [
              {
                "address_prefix": "10.0.2.0/24",
                "id": "/subscriptions/f528c591-fe1e-4c79-a199-3dc70d54270b/resourceGroups/bhushan1/providers/Microsoft.Network/virtualNetworks/vent-112/subnets/subnet-011",
                "name": "subnet-011",
                "security_group": ""
              },
              {
                "address_prefix": "10.0.3.0/24",
                "id": "/subscriptions/f528c591-fe1e-4c79-a199-3dc70d54270b/resourceGroups/bhushan1/providers/Microsoft.Network/virtualNetworks/vent-112/subnets/subnet-012",
                "name": "subnet-012",
                "security_group": ""
              },
              {
                "address_prefix": "10.0.4.0/26",
                "id": "/subscriptions/f528c591-fe1e-4c79-a199-3dc70d54270b/resourceGroups/bhushan1/providers/Microsoft.Network/virtualNetworks/vent-112/subnets/AzureBastionSubnet",
                "name": "AzureBastionSubnet",
                "security_group": ""
              }
            ],
            "tags": {},
            "timeouts": null
          },
          "sensitive_attributes": [],
          "private": "eyJlMmJmYjczMC1lY2FhLTExZTYtOGY4OC0zNDM2M2JjN2M0YzAiOnsiY3JlYXRlIjoxODAwMDAwMDAwMDAwLCJkZWxldGUiOjE4MDAwMDAwMDAwMDAsInJlYWQiOjMwMDAwMDAwMDAwMCwidXBkYXRlIjoxODAwMDAwMDAwMDAwfX0=",
          "dependencies": [
            "module.map-rg-lists.azurerm_resource_group.rg"
          ]
        }
      ]
    },
    {
      "module": "module.nics",
      "mode": "managed",
      "type": "azurerm_network_interface",
      "name": "nicB1",
      "provider": "provider[\"registry.terraform.io/hashicorp/azurerm\"]",
      "instances": [
        {
          "index_key": "nic-101",
          "schema_version": 0,
          "attributes": {
            "accelerated_networking_enabled": false,
            "applied_dns_servers": [],
            "auxiliary_mode": "",
            "auxiliary_sku": "",
            "dns_servers": [],
            "edge_zone": "",
            "enable_accelerated_networking": false,
            "enable_ip_forwarding": false,
            "id": "/subscriptions/f528c591-fe1e-4c79-a199-3dc70d54270b/resourceGroups/bhushan1/providers/Microsoft.Network/networkInterfaces/nic-101",
            "internal_dns_name_label": "",
            "internal_domain_name_suffix": "vo4eguoqwzbenpgtn1ob12oxvb.rx.internal.cloudapp.net",
            "ip_configuration": [
              {
                "gateway_load_balancer_frontend_ip_configuration_id": "",
                "name": "ipconfig1",
                "primary": true,
                "private_ip_address": "10.0.2.4",
                "private_ip_address_allocation": "Dynamic",
                "private_ip_address_version": "IPv4",
                "public_ip_address_id": "",
                "subnet_id": "/subscriptions/f528c591-fe1e-4c79-a199-3dc70d54270b/resourceGroups/bhushan1/providers/Microsoft.Network/virtualNetworks/vent-112/subnets/subnet-011"
              }
            ],
            "ip_forwarding_enabled": false,
            "location": "centralindia",
            "mac_address": "00-0D-3A-3E-5B-9F",
            "name": "nic-101",
            "private_ip_address": "10.0.2.4",
            "private_ip_addresses": [
              "10.0.2.4"
            ],
            "resource_group_name": "bhushan1",
            "tags": {},
            "timeouts": null,
            "virtual_machine_id": "/subscriptions/f528c591-fe1e-4c79-a199-3dc70d54270b/resourceGroups/bhushan1/providers/Microsoft.Compute/virtualMachines/frontend-VM"
          },
          "sensitive_attributes": [],
          "private": "eyJlMmJmYjczMC1lY2FhLTExZTYtOGY4OC0zNDM2M2JjN2M0YzAiOnsiY3JlYXRlIjoxODAwMDAwMDAwMDAwLCJkZWxldGUiOjE4MDAwMDAwMDAwMDAsInJlYWQiOjMwMDAwMDAwMDAwMCwidXBkYXRlIjoxODAwMDAwMDAwMDAwfX0=",
          "dependencies": [
            "module.map-rg-lists.azurerm_resource_group.rg",
            "module.map-subnet-list.azurerm_subnet.subnet",
            "module.map-virtualnetwork-lists.azurerm_virtual_network.vnet101"
          ]
        },
        {
          "index_key": "nic-102",
          "schema_version": 0,
          "attributes": {
            "accelerated_networking_enabled": false,
            "applied_dns_servers": [],
            "auxiliary_mode": "",
            "auxiliary_sku": "",
            "dns_servers": [],
            "edge_zone": "",
            "enable_accelerated_networking": false,
            "enable_ip_forwarding": false,
            "id": "/subscriptions/f528c591-fe1e-4c79-a199-3dc70d54270b/resourceGroups/bhushan1/providers/Microsoft.Network/networkInterfaces/nic-102",
            "internal_dns_name_label": "",
            "internal_domain_name_suffix": "vo4eguoqwzbenpgtn1ob12oxvb.rx.internal.cloudapp.net",
            "ip_configuration": [
              {
                "gateway_load_balancer_frontend_ip_configuration_id": "",
                "name": "ipconfig1",
                "primary": false,
                "private_ip_address": "10.0.2.5",
                "private_ip_address_allocation": "Dynamic",
                "private_ip_address_version": "IPv4",
                "public_ip_address_id": "",
                "subnet_id": "/subscriptions/f528c591-fe1e-4c79-a199-3dc70d54270b/resourceGroups/bhushan1/providers/Microsoft.Network/virtualNetworks/vent-112/subnets/subnet-011"
              }
            ],
            "ip_forwarding_enabled": false,
            "location": "centralindia",
            "mac_address": "00-0D-3A-3D-EB-80",
            "name": "nic-102",
            "private_ip_address": "10.0.2.5",
            "private_ip_addresses": [
              "10.0.2.5"
            ],
            "resource_group_name": "bhushan1",
            "tags": {},
            "timeouts": null,
            "virtual_machine_id": "/subscriptions/f528c591-fe1e-4c79-a199-3dc70d54270b/resourceGroups/bhushan1/providers/Microsoft.Compute/virtualMachines/backend-VM"
          },
          "sensitive_attributes": [],
          "private": "eyJlMmJmYjczMC1lY2FhLTExZTYtOGY4OC0zNDM2M2JjN2M0YzAiOnsiY3JlYXRlIjoxODAwMDAwMDAwMDAwLCJkZWxldGUiOjE4MDAwMDAwMDAwMDAsInJlYWQiOjMwMDAwMDAwMDAwMCwidXBkYXRlIjoxODAwMDAwMDAwMDAwfX0=",
          "dependencies": [
            "module.map-rg-lists.azurerm_resource_group.rg",
            "module.map-subnet-list.azurerm_subnet.subnet",
            "module.map-virtualnetwork-lists.azurerm_virtual_network.vnet101"
          ]
        },
        {
          "index_key": "nic-103",
          "schema_version": 0,
          "attributes": {
            "accelerated_networking_enabled": false,
            "applied_dns_servers": [],
            "auxiliary_mode": "",
            "auxiliary_sku": "",
            "dns_servers": [],
            "edge_zone": "",
            "enable_accelerated_networking": false,
            "enable_ip_forwarding": false,
            "id": "/subscriptions/f528c591-fe1e-4c79-a199-3dc70d54270b/resourceGroups/bhushan1/providers/Microsoft.Network/networkInterfaces/nic-103",
            "internal_dns_name_label": "",
            "internal_domain_name_suffix": "vo4eguoqwzbenpgtn1ob12oxvb.rx.internal.cloudapp.net",
            "ip_configuration": [
              {
                "gateway_load_balancer_frontend_ip_configuration_id": "",
                "name": "ipconfig1",
                "primary": false,
                "private_ip_address": "10.0.3.4",
                "private_ip_address_allocation": "Dynamic",
                "private_ip_address_version": "IPv4",
                "public_ip_address_id": "",
                "subnet_id": "/subscriptions/f528c591-fe1e-4c79-a199-3dc70d54270b/resourceGroups/bhushan1/providers/Microsoft.Network/virtualNetworks/vent-112/subnets/subnet-012"
              }
            ],
            "ip_forwarding_enabled": false,
            "location": "centralindia",
            "mac_address": "",
            "name": "nic-103",
            "private_ip_address": "10.0.3.4",
            "private_ip_addresses": [
              "10.0.3.4"
            ],
            "resource_group_name": "bhushan1",
            "tags": {},
            "timeouts": null,
            "virtual_machine_id": ""
          },
          "sensitive_attributes": [],
          "private": "eyJlMmJmYjczMC1lY2FhLTExZTYtOGY4OC0zNDM2M2JjN2M0YzAiOnsiY3JlYXRlIjoxODAwMDAwMDAwMDAwLCJkZWxldGUiOjE4MDAwMDAwMDAwMDAsInJlYWQiOjMwMDAwMDAwMDAwMCwidXBkYXRlIjoxODAwMDAwMDAwMDAwfX0=",
          "dependencies": [
            "module.map-rg-lists.azurerm_resource_group.rg",
            "module.map-subnet-list.azurerm_subnet.subnet",
            "module.map-virtualnetwork-lists.azurerm_virtual_network.vnet101"
          ]
        }
      ]
    },
    {
      "module": "module.virtualmachine",
      "mode": "managed",
      "type": "azurerm_virtual_machine",
      "name": "vmb1",
      "provider": "provider[\"registry.terraform.io/hashicorp/azurerm\"]",
      "instances": [
        {
          "index_key": "backend",
          "schema_version": 0,
          "attributes": {
            "additional_capabilities": [],
            "availability_set_id": null,
            "boot_diagnostics": [],
            "delete_data_disks_on_termination": true,
            "delete_os_disk_on_termination": true,
            "id": "/subscriptions/f528c591-fe1e-4c79-a199-3dc70d54270b/resourceGroups/bhushan1/providers/Microsoft.Compute/virtualMachines/backend-VM",
            "identity": [],
            "license_type": null,
            "location": "centralindia",
            "name": "backend-VM",
            "network_interface_ids": [
              "/subscriptions/f528c591-fe1e-4c79-a199-3dc70d54270b/resourceGroups/bhushan1/providers/Microsoft.Network/networkInterfaces/nic-102"
            ],
            "os_profile": [
              {
                "admin_password": "",
                "admin_username": "testadmin",
                "computer_name": "backend-hostname",
                "custom_data": ""
              }
            ],
            "os_profile_linux_config": [
              {
                "disable_password_authentication": false,
                "ssh_keys": []
              }
            ],
            "os_profile_secrets": [],
            "os_profile_windows_config": [],
            "plan": [],
            "primary_network_interface_id": "/subscriptions/f528c591-fe1e-4c79-a199-3dc70d54270b/resourceGroups/bhushan1/providers/Microsoft.Network/networkInterfaces/nic-102",
            "proximity_placement_group_id": null,
            "resource_group_name": "bhushan1",
            "storage_data_disk": [],
            "storage_image_reference": [
              {
                "id": "",
                "offer": "0001-com-ubuntu-server-focal",
                "publisher": "Canonical",
                "sku": "20_04-lts",
                "version": "latest"
              }
            ],
            "storage_os_disk": [
              {
                "caching": "ReadWrite",
                "create_option": "FromImage",
                "disk_size_gb": 30,
                "image_uri": "",
                "managed_disk_id": "/subscriptions/f528c591-fe1e-4c79-a199-3dc70d54270b/resourceGroups/bhushan1/providers/Microsoft.Compute/disks/backend-osdisk-backend",
                "managed_disk_type": "Standard_LRS",
                "name": "backend-osdisk-backend",
                "os_type": "Linux",
                "vhd_uri": "",
                "write_accelerator_enabled": false
              }
            ],
            "tags": {
              "environment": "staging"
            },
            "timeouts": null,
            "vm_size": "Standard_DS1_v2",
            "zones": []
          },
          "sensitive_attributes": [
            [
              {
                "type": "get_attr",
                "value": "os_profile"
              }
            ]
          ],
          "private": "eyJlMmJmYjczMC1lY2FhLTExZTYtOGY4OC0zNDM2M2JjN2M0YzAiOnsiY3JlYXRlIjozNjAwMDAwMDAwMDAwLCJkZWxldGUiOjM2MDAwMDAwMDAwMDAsInJlYWQiOjMwMDAwMDAwMDAwMCwidXBkYXRlIjozNjAwMDAwMDAwMDAwfX0=",
          "dependencies": [
            "module.map-rg-lists.azurerm_resource_group.rg",
            "module.map-subnet-list.azurerm_subnet.subnet",
            "module.map-virtualnetwork-lists.azurerm_virtual_network.vnet101",
            "module.nics.azurerm_network_interface.nicB1"
          ]
        },
        {
          "index_key": "frontend",
          "schema_version": 0,
          "attributes": {
            "additional_capabilities": [],
            "availability_set_id": null,
            "boot_diagnostics": [],
            "delete_data_disks_on_termination": true,
            "delete_os_disk_on_termination": true,
            "id": "/subscriptions/f528c591-fe1e-4c79-a199-3dc70d54270b/resourceGroups/bhushan1/providers/Microsoft.Compute/virtualMachines/frontend-VM",
            "identity": [],
            "license_type": null,
            "location": "centralindia",
            "name": "frontend-VM",
            "network_interface_ids": [
              "/subscriptions/f528c591-fe1e-4c79-a199-3dc70d54270b/resourceGroups/bhushan1/providers/Microsoft.Network/networkInterfaces/nic-101"
            ],
            "os_profile": [
              {
                "admin_password": "",
                "admin_username": "testadmin",
                "computer_name": "frontend-hostname",
                "custom_data": ""
              }
            ],
            "os_profile_linux_config": [
              {
                "disable_password_authentication": false,
                "ssh_keys": []
              }
            ],
            "os_profile_secrets": [],
            "os_profile_windows_config": [],
            "plan": [],
            "primary_network_interface_id": "/subscriptions/f528c591-fe1e-4c79-a199-3dc70d54270b/resourceGroups/bhushan1/providers/Microsoft.Network/networkInterfaces/nic-101",
            "proximity_placement_group_id": null,
            "resource_group_name": "bhushan1",
            "storage_data_disk": [],
            "storage_image_reference": [
              {
                "id": "",
                "offer": "0001-com-ubuntu-server-focal",
                "publisher": "Canonical",
                "sku": "20_04-lts",
                "version": "latest"
              }
            ],
            "storage_os_disk": [
              {
                "caching": "ReadWrite",
                "create_option": "FromImage",
                "disk_size_gb": 30,
                "image_uri": "",
                "managed_disk_id": "/subscriptions/f528c591-fe1e-4c79-a199-3dc70d54270b/resourceGroups/bhushan1/providers/Microsoft.Compute/disks/frontend-osdisk-frontend",
                "managed_disk_type": "Standard_LRS",
                "name": "frontend-osdisk-frontend",
                "os_type": "Linux",
                "vhd_uri": "",
                "write_accelerator_enabled": false
              }
            ],
            "tags": {
              "environment": "staging"
            },
            "timeouts": null,
            "vm_size": "Standard_DS1_v2",
            "zones": []
          },
          "sensitive_attributes": [
            [
              {
                "type": "get_attr",
                "value": "os_profile"
              }
            ]
          ],
          "private": "eyJlMmJmYjczMC1lY2FhLTExZTYtOGY4OC0zNDM2M2JjN2M0YzAiOnsiY3JlYXRlIjozNjAwMDAwMDAwMDAwLCJkZWxldGUiOjM2MDAwMDAwMDAwMDAsInJlYWQiOjMwMDAwMDAwMDAwMCwidXBkYXRlIjozNjAwMDAwMDAwMDAwfX0=",
          "dependencies": [
            "module.map-rg-lists.azurerm_resource_group.rg",
            "module.map-subnet-list.azurerm_subnet.subnet",
            "module.map-virtualnetwork-lists.azurerm_virtual_network.vnet101",
            "module.nics.azurerm_network_interface.nicB1"
          ]
        }
      ]
    }
  ],
  "check_results": null
}
